
Microsoft Visual Studio Solution File, Format Version 12.00
# Visual Studio 15
VisualStudioVersion = 15.0.28307.1082
MinimumVisualStudioVersion = 10.0.40219.1
Project("{FAE04EC0-301F-11D3-BF4B-00C04F79EFBC}") = "Client", "Client\Client.csproj", "{B1B011FA-E00D-4A3D-9718-009CEE999F4A}"
EndProject
Global
	GlobalSection(SolutionConfigurationPlatforms) = preSolution
		Debug|Any CPU = Debug|Any CPU
		Release|Any CPU = Release|Any CPU
	EndGlobalSection
	GlobalSection(ProjectConfigurationPlatforms) = postSolution
		{B1B011FA-E00D-4A3D-9718-009CEE999F4A}.Debug|Any CPU.ActiveCfg = Debug|Any CPU
		{B1B011FA-E00D-4A3D-9718-009CEE999F4A}.Debug|Any CPU.Build.0 = Debug|Any CPU
		{B1B011FA-E00D-4A3D-9718-009CEE999F4A}.Release|Any CPU.ActiveCfg = Release|Any CPU
		{B1B011FA-E00D-4A3D-9718-009CEE999F4A}.Release|Any CPU.Build.0 = Release|Any CPU
	EndGlobalSection
	GlobalSection(SolutionProperties) = preSolution
		HideSolutionNode = FALSE
	EndGlobalSection
	GlobalSection(ExtensibilityGlobals) = postSolution
		SolutionGuid = {8F1485B0-9630-43F2-B941-1D0A69B184B2}
	EndGlobalSection
EndGlobal
